// !$*UTF8*$!
{
	archiveVersion = 1;
	classes = {
	};
	objectVersion = 46;
	objects = {

/* Begin PBXBuildFile section */
		76ADFD541C0AD02500690163 /* AppDelegate.swift in Sources */ = {isa = PBXBuildFile; fileRef = 76ADFD531C0AD02500690163 /* AppDelegate.swift */; };
		76ADFD561C0AD02500690163 /* ViewController.swift in Sources */ = {isa = PBXBuildFile; fileRef = 76ADFD551C0AD02500690163 /* ViewController.swift */; };
		76ADFD591C0AD02600690163 /* Main.storyboard in Resources */ = {isa = PBXBuildFile; fileRef = 76ADFD571C0AD02500690163 /* Main.storyboard */; };
		76ADFD5B1C0AD02600690163 /* Assets.xcassets in Resources */ = {isa = PBXBuildFile; fileRef = 76ADFD5A1C0AD02600690163 /* Assets.xcassets */; };
		76ADFD5E1C0AD02600690163 /* LaunchScreen.storyboard in Resources */ = {isa = PBXBuildFile; fileRef = 76ADFD5C1C0AD02600690163 /* LaunchScreen.storyboard */; };
		76ADFD661C0AE58500690163 /* Minecraft.ttf in Resources */ = {isa = PBXBuildFile; fileRef = 76ADFD651C0AE58500690163 /* Minecraft.ttf */; };
/* End PBXBuildFile section */

/* Begin PBXFileReference section */
		76ADFD501C0AD02500690163 /* retro-calculator.app */ = {isa = PBXFileReference; explicitFileType = wrapper.application; includeInIndex = 0; path = "retro-calculator.app"; sourceTree = BUILT_PRODUCTS_DIR; };
		76ADFD531C0AD02500690163 /* AppDelegate.swift */ = {isa = PBXFileReference; lastKnownFileType = sourcecode.swift; path = AppDelegate.swift; sourceTree = "<group>"; };
		76ADFD551C0AD02500690163 /* ViewController.swift */ = {isa = PBXFileReference; lastKnownFileType = sourcecode.swift; path = ViewController.swift; sourceTree = "<group>"; };
		76ADFD581C0AD02500690163 /* Base */ = {isa = PBXFileReference; lastKnownFileType = file.storyboard; name = Base; path = Base.lproj/Main.storyboard; sourceTree = "<group>"; };
		76ADFD5A1C0AD02600690163 /* Assets.xcassets */ = {isa = PBXFileReference; lastKnownFileType = folder.assetcatalog; path = Assets.xcassets; sourceTree = "<group>"; };
		76ADFD5D1C0AD02600690163 /* Base */ = {isa = PBXFileReference; lastKnownFileType = file.storyboard; name = Base; path = Base.lproj/LaunchScreen.storyboard; sourceTree = "<group>"; };
		76ADFD5F1C0AD02600690163 /* Info.plist */ = {isa = PBXFileReference; lastKnownFileType = text.plist.xml; path = Info.plist; sourceTree = "<group>"; };
		76ADFD651C0AE58500690163 /* Minecraft.ttf */ = {isa = PBXFileReference; lastKnownFileType = file; path = Minecraft.ttf; sourceTree = "<group>"; };
/* End PBXFileReference section */

/* Begin PBXFrameworksBuildPhase section */
		76ADFD4D1C0AD02500690163 /* Frameworks */ = {
			isa = PBXFrameworksBuildPhase;
			buildActionMask = 2147483647;
			files = (
			);
			runOnlyForDeploymentPostprocessing = 0;
		};
/* End PBXFrameworksBuildPhase section */

/* Begin PBXGroup section */
		76ADFD471C0AD02500690163 = {
			isa = PBXGroup;
			children = (
				76ADFD521C0AD02500690163 /* retro-calculator */,
				76ADFD511C0AD02500690163 /* Products */,
			);
			sourceTree = "<group>";
		};
		76ADFD511C0AD02500690163 /* Products */ = {
			isa = PBXGroup;
			children = (
				76ADFD501C0AD02500690163 /* retro-calculator.app */,
			);
			name = Products;
			sourceTree = "<group>";
		};
		76ADFD521C0AD02500690163 /* retro-calculator */ = {
			isa = PBXGroup;
			children = (
				76ADFD651C0AE58500690163 /* Minecraft.ttf */,
				76ADFD531C0AD02500690163 /* AppDelegate.swift */,
				76ADFD551C0AD02500690163 /* ViewController.swift */,
				76ADFD571C0AD02500690163 /* Main.storyboard */,
				76ADFD5A1C0AD02600690163 /* Assets.xcassets */,
				76ADFD5C1C0AD02600690163 /* LaunchScreen.storyboard */,
				76ADFD5F1C0AD02600690163 /* Info.plist */,
			);
			path = "retro-calculator";
			sourceTree = "<group>";
		};
/* End PBXGroup section */

/* Begin PBXNativeTarget section */
		76ADFD4F1C0AD02500690163 /* retro-calculator */ = {
			isa = PBXNativeTarget;
			buildConfigurationList = 76ADFD621C0AD02600690163 /* Build configuration list for PBXNativeTarget "retro-calculator" */;
			buildPhases = (
				76ADFD4C1C0AD02500690163 /* Sources */,
				76ADFD4D1C0AD02500690163 /* Frameworks */,
				76ADFD4E1C0AD02500690163 /* Resources */,
			);
			buildRules = (
			);
			dependencies = (
			);
			name = "retro-calculator";
			productName = "retro-calculator";
			productReference = 76ADFD501C0AD02500690163 /* retro-calculator.app */;
			productType = "com.apple.product-type.application";
		};
/* End PBXNativeTarget section */

/* Begin PBXProject section */
		76ADFD481C0AD02500690163 /* Project object */ = {
			isa = PBXProject;
			attributes = {
				LastSwiftUpdateCheck = 0710;
				LastUpgradeCheck = 0710;
				ORGANIZATIONNAME = Lympe;
				TargetAttributes = {
					76ADFD4F1C0AD02500690163 = {
						CreatedOnToolsVersion = 7.1.1;
					};
				};
			};
			buildConfigurationList = 76ADFD4B1C0AD02500690163 /* Build configuration list for PBXProject "retro-calculator" */;
			compatibilityVersion = "Xcode 3.2";
			developmentRegion = English;
			hasScannedForEncodings = 0;
			knownRegions = (
				en,
				Base,
			);
			mainGroup = 76ADFD471C0AD02500690163;
			productRefGroup = 76ADFD511C0AD02500690163 /* Products */;
			projectDirPath = "";
			projectRoot = "";
			targets = (
				76ADFD4F1C0AD02500690163 /* retro-calculator */,
			);
		};
/* End PBXProject section */

/* Begin PBXResourcesBuildPhase section */
		76ADFD4E1C0AD02500690163 /* Resources */ = {
			isa = PBXResourcesBuildPhase;
			buildActionMask = 2147483647;
			files = (
				76ADFD5E1C0AD02600690163 /* LaunchScreen.storyboard in Resources */,
				76ADFD5B1C0AD02600690163 /* Assets.xcassets in Resources */,
				76ADFD661C0AE58500690163 /* Minecraft.ttf in Resources */,
				76ADFD591C0AD02600690163 /* Main.storyboard in Resources */,
			);
			runOnlyForDeploymentPostprocessing = 0;
		};
/* End PBXResourcesBuildPhase section */

/* Begin PBXSourcesBuildPhase section */
		76ADFD4C1C0AD02500690163 /* Sources */ = {
			isa = PBXSourcesBuildPhase;
			buildActionMask = 2147483647;
			files = (
				76ADFD561C0AD02500690163 /* ViewController.swift in Sources */,
				76ADFD541C0AD02500690163 /* AppDelegate.swift in Sources */,
			);
			runOnlyForDeploymentPostprocessing = 0;
		};
/* End PBXSourcesBuildPhase section */

/* Begin PBXVariantGroup section */
		76ADFD571C0AD02500690163 /* Main.storyboard */ = {
			isa = PBXVariantGroup;
			children = (
				76ADFD581C0AD02500690163 /* Base */,
			);
			name = Main.storyboard;
			sourceTree = "<group>";
		};
		76ADFD5C1C0AD02600690163 /* LaunchScreen.storyboard */ = {
			isa = PBXVariantGroup;
			children = (
				76ADFD5D1C0AD02600690163 /* Base */,
			);
			name = LaunchScreen.storyboard;
			sourceTree = "<group>";
		};
/* End PBXVariantGroup section */

/* Begin XCBuildConfiguration section */
		76ADFD601C0AD02600690163 /* Debug */ = {
			isa = XCBuildConfiguration;
			buildSettings = {
				ALWAYS_SEARCH_USER_PATHS = NO;
				CLANG_CXX_LANGUAGE_STANDARD = "gnu++0x";
				CLANG_CXX_LIBRARY = "libc++";
				CLANG_ENABLE_MODULES = YES;
				CLANG_ENABLE_OBJC_ARC = YES;
				CLANG_WARN_BOOL_CONVERSION = YES;
				CLANG_WARN_CONSTANT_CONVERSION = YES;
				CLANG_WARN_DIRECT_OBJC_ISA_USAGE = YES_ERROR;
				CLANG_WARN_EMPTY_BODY = YES;
				CLANG_WARN_ENUM_CONVERSION = YES;
				CLANG_WARN_INT_CONVERSION = YES;
				CLANG_WARN_OBJC_ROOT_CLASS = YES_ERROR;
				CLANG_WARN_UNREACHABLE_CODE = YES;
				CLANG_WARN__DUPLICATE_METHOD_MATCH = YES;
				"CODE_SIGN_IDENTITY[sdk=iphoneos*]" = "iPhone Developer";
				COPY_PHASE_STRIP = NO;
				DEBUG_INFORMATION_FORMAT = dwarf;
				ENABLE_STRICT_OBJC_MSGSEND = YES;
				ENABLE_TESTABILITY = YES;
				GCC_C_LANGUAGE_STANDARD = gnu99;
				GCC_DYNAMIC_NO_PIC = NO;
				GCC_NO_COMMON_BLOCKS = YES;
				GCC_OPTIMIZATION_LEVEL = 0;
				GCC_PREPROCESSOR_DEFINITIONS = (
					"DEBUG=1",
					"$(inherited)",
				);
				GCC_WARN_64_TO_32_BIT_CONVERSION = YES;
				GCC_WARN_ABOUT_RETURN_TYPE = YES_ERROR;
				GCC_WARN_UNDECLARED_SELECTOR = YES;
				GCC_WARN_UNINITIALIZED_AUTOS = YES_AGGRESSIVE;
				GCC_WARN_UNUSED_FUNCTION = YES;
				GCC_WARN_UNUSED_VARIABLE = YES;
				IPHONEOS_DEPLOYMENT_TARGET = 9.1;
				MTL_ENABLE_DEBUG_INFO = YES;
				ONLY_ACTIVE_ARCH = YES;
				SDKROOT = iphoneos;
				SWIFT_OPTIMIZATION_LEVEL = "-Onone";
			};
			name = Debug;
		};
		76ADFD611C0AD02600690163 /* Release */ = {
			isa = XCBuildConfiguration;
			buildSettings = {
				ALWAYS_SEARCH_USER_PATHS = NO;
				CLANG_CXX_LANGUAGE_STANDARD = "gnu++0x";
				CLANG_CXX_LIBRARY = "libc++";
				CLANG_ENABLE_MODULES = YES;
				CLANG_ENABLE_OBJC_ARC = YES;
				CLANG_WARN_BOOL_CONVERSION = YES;
				CLANG_WARN_CONSTANT_CONVERSION = YES;
				CLANG_WARN_DIRECT_OBJC_ISA_USAGE = YES_ERROR;
				CLANG_WARN_EMPTY_BODY = YES;
				CLANG_WARN_ENUM_CONVERSION = YES;
				CLANG_WARN_INT_CONVERSION = YES;
				CLANG_WARN_OBJC_ROOT_CLASS = YES_ERROR;
				CLANG_WARN_UNREACHABLE_CODE = YES;
				CLANG_WARN__DUPLICATE_METHOD_MATCH = YES;
				"CODE_SIGN_IDENTITY[sdk=iphoneos*]" = "iPhone Developer";
				COPY_PHASE_STRIP = NO;
				DEBUG_INFORMATION_FORMAT = "dwarf-with-dsym";
				ENABLE_NS_ASSERTIONS = NO;
				ENABLE_STRICT_OBJC_MSGSEND = YES;
				GCC_C_LANGUAGE_STANDARD = gnu99;
				GCC_NO_COMMON_BLOCKS = YES;
				GCC_WARN_64_TO_32_BIT_CONVERSION = YES;
				GCC_WARN_ABOUT_RETURN_TYPE = YES_ERROR;
				GCC_WARN_UNDECLARED_SELECTOR = YES;
				GCC_WARN_UNINITIALIZED_AUTOS = YES_AGGRESSIVE;
				GCC_WARN_UNUSED_FUNCTION = YES;
				GCC_WARN_UNUSED_VARIABLE = YES;
				IPHONEOS_DEPLOYMENT_TARGET = 9.1;
				MTL_ENABLE_DEBUG_INFO = NO;
				SDKROOT = iphoneos;
				VALIDATE_PRODUCT = YES;
			};
			name = Release;
		};
		76ADFD631C0AD02600690163 /* Debug */ = {
			isa = XCBuildConfiguration;
			buildSettings = {
				ASSETCATALOG_COMPILER_APPICON_NAME = AppIcon;
				INFOPLIST_FILE = "retro-calculator/Info.plist";
				LD_RUNPATH_SEARCH_PATHS = "$(inherited) @executable_path/Frameworks";
				PRODUCT_BUNDLE_IDENTIFIER = "com.lympe.retro-calculator";
				PRODUCT_NAME = "$(TARGET_NAME)";
			};
			name = Debug;
		};
		76ADFD641C0AD02600690163 /* Release */ = {
			isa = XCBuildConfiguration;
			buildSettings = {
				ASSETCATALOG_COMPILER_APPICON_NAME = AppIcon;
				INFOPLIST_FILE = "retro-calculator/Info.plist";
				LD_RUNPATH_SEARCH_PATHS = "$(inherited) @executable_path/Frameworks";
				PRODUCT_BUNDLE_IDENTIFIER = "com.lympe.retro-calculator";
				PRODUCT_NAME = "$(TARGET_NAME)";
			};
			name = Release;
		};
/* End XCBuildConfiguration section */

/* Begin XCConfigurationList section */
		76ADFD4B1C0AD02500690163 /* Build configuration list for PBXProject "retro-calculator" */ = {
			isa = XCConfigurationList;
			buildConfigurations = (
				76ADFD601C0AD02600690163 /* Debug */,
				76ADFD611C0AD02600690163 /* Release */,
			);
			defaultConfigurationIsVisible = 0;
			defaultConfigurationName = Release;
		};
		76ADFD621C0AD02600690163 /* Build configuration list for PBXNativeTarget "retro-calculator" */ = {
			isa = XCConfigurationList;
			buildConfigurations = (
				76ADFD631C0AD02600690163 /* Debug */,
				76ADFD641C0AD02600690163 /* Release */,
			);
			defaultConfigurationIsVisible = 0;
		};
/* End XCConfigurationList section */
	};
	rootObject = 76ADFD481C0AD02500690163 /* Project object */;
}
